dependencies:
  etl:
    component_hash: ec666b9ca881a84aa9155cf3253364c4c7f048f7b235ad5b1c34dc2c01175175
    source:
      git: git@github.com:ETLCPP/etl.git
      path: .
      type: git
    version: bb71b60496c4d7be2e9a8af70b2dd9bdfc7d314d
  gsl:
    component_hash: f7d4bdb5728237bc66f15a8d326e8b367f6e93b4aa5f78c4b93085d4eea34406
    source:
      git: git@github.com:microsoft/GSL.git
      path: .
      type: git
    version: 1fcf53a2f64c72c76f5d84adb50d41e6c4467d23
  idf:
    component_hash: null
    source:
      type: idf
    version: 5.2.2
manifest_hash: 878b1cccfe8041d248f41da5673241c12eb7ee2cfe213716711a428004b3fb3b
target: esp32
version: 1.0.0
